
Microsoft Visual Studio Solution File, Format Version 12.00
# Visual Studio Version 17
VisualStudioVersion = 17.7.34031.279
MinimumVisualStudioVersion = 10.0.40219.1
Project("{FAE04EC0-301F-11D3-BF4B-00C04F79EFBC}") = "8praktos", "8praktos\8praktos.csproj", "{12CA5440-1C0A-45DD-8E25-79AE5D2FDA65}"
EndProject
Global
	GlobalSection(SolutionConfigurationPlatforms) = preSolution
		Debug|Any CPU = Debug|Any CPU
		Release|Any CPU = Release|Any CPU
	EndGlobalSection
	GlobalSection(ProjectConfigurationPlatforms) = postSolution
		{12CA5440-1C0A-45DD-8E25-79AE5D2FDA65}.Debug|Any CPU.ActiveCfg = Debug|Any CPU
		{12CA5440-1C0A-45DD-8E25-79AE5D2FDA65}.Debug|Any CPU.Build.0 = Debug|Any CPU
		{12CA5440-1C0A-45DD-8E25-79AE5D2FDA65}.Release|Any CPU.ActiveCfg = Release|Any CPU
		{12CA5440-1C0A-45DD-8E25-79AE5D2FDA65}.Release|Any CPU.Build.0 = Release|Any CPU
	EndGlobalSection
	GlobalSection(SolutionProperties) = preSolution
		HideSolutionNode = FALSE
	EndGlobalSection
	GlobalSection(ExtensibilityGlobals) = postSolution
		SolutionGuid = {E759548D-1EAB-4E72-B48E-6A4C42992F39}
	EndGlobalSection
EndGlobal
